
Microsoft Visual Studio Solution File, Format Version 12.00
# Visual Studio 15
VisualStudioVersion = 15.0.27130.2027
MinimumVisualStudioVersion = 10.0.40219.1
Project("{9A19103F-16F7-4668-BE54-9A1E7A4F7556}") = "Mainframe.BuyerSupplier.Api", "Mainframe.BuyerSupplier.Api\Mainframe.BuyerSupplier.Api.csproj", "{78D1BDAF-D6B7-4940-A2FC-8D79192851E2}"
EndProject
Project("{9A19103F-16F7-4668-BE54-9A1E7A4F7556}") = "Mainframe.BuyerSupplier.Core", "Mainframe.BuyerSupplier.Core\Mainframe.BuyerSupplier.Core.csproj", "{805653CA-A5B8-42FC-9490-315470569E75}"
EndProject
Project("{9A19103F-16F7-4668-BE54-9A1E7A4F7556}") = "Mainframe.BuyerSupplier.Data", "Mainframe.BuyerSupplier.Data\Mainframe.BuyerSupplier.Data.csproj", "{B99BD812-328A-4EE4-A697-318CD47E8981}"
EndProject
Project("{9A19103F-16F7-4668-BE54-9A1E7A4F7556}") = "Mainframe.BuyerSupplier.Common", "Mainframe.BuyerSupplier.Common\Mainframe.BuyerSupplier.Common.csproj", "{81AD3CE7-7C0B-4CE1-8E94-443FB14C4EAD}"
EndProject
Project("{9A19103F-16F7-4668-BE54-9A1E7A4F7556}") = "Mainframe.BuyerSupplier.Engine", "Mainframe.BuyerSupplier.Engine\Mainframe.BuyerSupplier.Engine.csproj", "{EA5BBC6B-B65C-46A4-8F71-512E5B115EA1}"
EndProject
Global
	GlobalSection(SolutionConfigurationPlatforms) = preSolution
		Debug|Any CPU = Debug|Any CPU
		Release|Any CPU = Release|Any CPU
	EndGlobalSection
	GlobalSection(ProjectConfigurationPlatforms) = postSolution
		{78D1BDAF-D6B7-4940-A2FC-8D79192851E2}.Debug|Any CPU.ActiveCfg = Debug|Any CPU
		{78D1BDAF-D6B7-4940-A2FC-8D79192851E2}.Debug|Any CPU.Build.0 = Debug|Any CPU
		{78D1BDAF-D6B7-4940-A2FC-8D79192851E2}.Release|Any CPU.ActiveCfg = Release|Any CPU
		{78D1BDAF-D6B7-4940-A2FC-8D79192851E2}.Release|Any CPU.Build.0 = Release|Any CPU
		{805653CA-A5B8-42FC-9490-315470569E75}.Debug|Any CPU.ActiveCfg = Debug|Any CPU
		{805653CA-A5B8-42FC-9490-315470569E75}.Debug|Any CPU.Build.0 = Debug|Any CPU
		{805653CA-A5B8-42FC-9490-315470569E75}.Release|Any CPU.ActiveCfg = Release|Any CPU
		{805653CA-A5B8-42FC-9490-315470569E75}.Release|Any CPU.Build.0 = Release|Any CPU
		{B99BD812-328A-4EE4-A697-318CD47E8981}.Debug|Any CPU.ActiveCfg = Debug|Any CPU
		{B99BD812-328A-4EE4-A697-318CD47E8981}.Debug|Any CPU.Build.0 = Debug|Any CPU
		{B99BD812-328A-4EE4-A697-318CD47E8981}.Release|Any CPU.ActiveCfg = Release|Any CPU
		{B99BD812-328A-4EE4-A697-318CD47E8981}.Release|Any CPU.Build.0 = Release|Any CPU
		{81AD3CE7-7C0B-4CE1-8E94-443FB14C4EAD}.Debug|Any CPU.ActiveCfg = Debug|Any CPU
		{81AD3CE7-7C0B-4CE1-8E94-443FB14C4EAD}.Debug|Any CPU.Build.0 = Debug|Any CPU
		{81AD3CE7-7C0B-4CE1-8E94-443FB14C4EAD}.Release|Any CPU.ActiveCfg = Release|Any CPU
		{81AD3CE7-7C0B-4CE1-8E94-443FB14C4EAD}.Release|Any CPU.Build.0 = Release|Any CPU
		{EA5BBC6B-B65C-46A4-8F71-512E5B115EA1}.Debug|Any CPU.ActiveCfg = Debug|Any CPU
		{EA5BBC6B-B65C-46A4-8F71-512E5B115EA1}.Debug|Any CPU.Build.0 = Debug|Any CPU
		{EA5BBC6B-B65C-46A4-8F71-512E5B115EA1}.Release|Any CPU.ActiveCfg = Release|Any CPU
		{EA5BBC6B-B65C-46A4-8F71-512E5B115EA1}.Release|Any CPU.Build.0 = Release|Any CPU
	EndGlobalSection
	GlobalSection(SolutionProperties) = preSolution
		HideSolutionNode = FALSE
	EndGlobalSection
	GlobalSection(ExtensibilityGlobals) = postSolution
		SolutionGuid = {4D447640-EC56-4EEF-82E2-8126ACB29FEE}
	EndGlobalSection
EndGlobal
